{
    "_meta": {
        "hash": {
            "sha256": "7e37be83c4c36320aab87f6e993fc7136ab0591d6088bceaf136f46116be586a"
        },
        "pipfile-spec": 6,
        "requires": {
            "python_version": "3.10.9"
        },
        "sources": [
            {
                "name": "pypi",
                "url": "https://pypi.org/simple",
                "verify_ssl": true
            }
        ]
    },
    "default": {
        "dnspython": {
            "hashes": [
                "sha256:0f7569a4a6ff151958b64304071d370daa3243d15941a7beedf0c9fe5105603e",
                "sha256:a851e51367fb93e9e1361732c1d60dab63eff98712e503ea7d92e6eccb109b4f"
            ],
            "markers": "python_version >= '3.6' and python_version < '4.0'",
            "version": "==2.2.1"
        },
        "getmac": {
            "hashes": [
                "sha256:6e38f9023b9792f53ef982cce6be65d84fea656be87100ab2f2d0376563af486",
                "sha256:95f5cbdf521a1045e3073f546a523d2adb2933f2ce647450c0a4b5c358ca85ca"
            ],
            "index": "pypi",
            "version": "==0.8.3"
        },
        "imutils": {
            "hashes": [
                "sha256:03827a9fca8b5c540305c0844a62591cf35a0caec199cb0f2f0a4a0fb15d8f24"
            ],
            "index": "pypi",
            "version": "==0.5.4"
        },
        "numpy": {
            "hashes": [
                "sha256:01dd17cbb340bf0fc23981e52e1d18a9d4050792e8fb8363cecbf066a84b827d",
                "sha256:06005a2ef6014e9956c09ba07654f9837d9e26696a0470e42beedadb78c11b07",
                "sha256:09b7847f7e83ca37c6e627682f145856de331049013853f344f37b0c9690e3df",
                "sha256:0aaee12d8883552fadfc41e96b4c82ee7d794949e2a7c3b3a7201e968c7ecab9",
                "sha256:0cbe9848fad08baf71de1a39e12d1b6310f1d5b2d0ea4de051058e6e1076852d",
                "sha256:1b1766d6f397c18153d40015ddfc79ddb715cabadc04d2d228d4e5a8bc4ded1a",
                "sha256:33161613d2269025873025b33e879825ec7b1d831317e68f4f2f0f84ed14c719",
                "sha256:5039f55555e1eab31124a5768898c9e22c25a65c1e0037f4d7c495a45778c9f2",
                "sha256:522e26bbf6377e4d76403826ed689c295b0b238f46c28a7251ab94716da0b280",
                "sha256:56e454c7833e94ec9769fa0f86e6ff8e42ee38ce0ce1fa4cbb747ea7e06d56aa",
                "sha256:58f545efd1108e647604a1b5aa809591ccd2540f468a880bedb97247e72db387",
                "sha256:5e05b1c973a9f858c74367553e236f287e749465f773328c8ef31abe18f691e1",
                "sha256:7903ba8ab592b82014713c491f6c5d3a1cde5b4a3bf116404e08f5b52f6daf43",
                "sha256:8969bfd28e85c81f3f94eb4a66bc2cf1dbdc5c18efc320af34bffc54d6b1e38f",
                "sha256:92c8c1e89a1f5028a4c6d9e3ccbe311b6ba53694811269b992c0b224269e2398",
                "sha256:9c88793f78fca17da0145455f0d7826bcb9f37da4764af27ac945488116efe63",
                "sha256:a7ac231a08bb37f852849bbb387a20a57574a97cfc7b6cabb488a4fc8be176de",
                "sha256:abdde9f795cf292fb9651ed48185503a2ff29be87770c3b8e2a14b0cd7aa16f8",
                "sha256:af1da88f6bc3d2338ebbf0e22fe487821ea4d8e89053e25fa59d1d79786e7481",
                "sha256:b2a9ab7c279c91974f756c84c365a669a887efa287365a8e2c418f8b3ba73fb0",
                "sha256:bf837dc63ba5c06dc8797c398db1e223a466c7ece27a1f7b5232ba3466aafe3d",
                "sha256:ca51fcfcc5f9354c45f400059e88bc09215fb71a48d3768fb80e357f3b457e1e",
                "sha256:ce571367b6dfe60af04e04a1834ca2dc5f46004ac1cc756fb95319f64c095a96",
                "sha256:d208a0f8729f3fb790ed18a003f3a57895b989b40ea4dce4717e9cf4af62c6bb",
                "sha256:dbee87b469018961d1ad79b1a5d50c0ae850000b639bcb1b694e9981083243b6",
                "sha256:e9f4c4e51567b616be64e05d517c79a8a22f3606499941d97bb76f2ca59f982d",
                "sha256:f063b69b090c9d918f9df0a12116029e274daf0181df392839661c4c7ec9018a",
                "sha256:f9a909a8bae284d46bbfdefbdd4a262ba19d3bc9921b1e76126b1d21c3c34135"
            ],
            "index": "pypi",
            "version": "==1.23.5"
        },
        "opencv-python": {
            "hashes": [
                "sha256:0dc82a3d8630c099d2f3ac1b1aabee164e8188db54a786abb7a4e27eba309440",
                "sha256:5af8ba35a4fcb8913ffb86e92403e9a656a4bff4a645d196987468f0f8947875",
                "sha256:6e32af22e3202748bd233ed8f538741876191863882eba44e332d1a34993165b",
                "sha256:c5bfae41ad4031e66bb10ec4a0a2ffd3e514d092652781e8b1ac98d1b59f1158",
                "sha256:dbdc84a9b4ea2cbae33861652d25093944b9959279200b7ae0badd32439f74de",
                "sha256:e6e448b62afc95c5b58f97e87ef84699e6607fe5c58730a03301c52496005cae",
                "sha256:f482e78de6e7b0b060ff994ffd859bddc3f7f382bb2019ef157b0ea8ca8712f5"
            ],
            "index": "pypi",
            "version": "==4.6.0.66"
        },
        "pymongo": {
            "hashes": [
                "sha256:016c412118e1c23fef3a1eada4f83ae6e8844fd91986b2e066fc1b0013cdd9ae",
                "sha256:01f7cbe88d22440b6594c955e37312d932fd632ffed1a86d0c361503ca82cc9d",
                "sha256:08fc250b5552ee97ceeae0f52d8b04f360291285fc7437f13daa516ce38fdbc6",
                "sha256:0c466710871d0026c190fc4141e810cf9d9affbf4935e1d273fbdc7d7cda6143",
                "sha256:1074f1a6f23e28b983c96142f2d45be03ec55d93035b471c26889a7ad2365db3",
                "sha256:12f3621a46cdc7a9ba8080422262398a91762a581d27e0647746588d3f995c88",
                "sha256:2c2fdc855149efe7cdcc2a01ca02bfa24761c640203ea94df467f3baf19078be",
                "sha256:316498b642c00401370b2156b5233b256f9b33799e0a8d9d0b8a7da217a20fca",
                "sha256:341221e2f2866a5960e6f8610f4cbac0bb13097f3b1a289aa55aba984fc0d969",
                "sha256:34b040e095e1671df0c095ec0b04fc4ebb19c4c160f87c2b55c079b16b1a6b00",
                "sha256:34e95ffb0a68bffbc3b437f2d1f25fc916fef3df5cdeed0992da5f42fae9b807",
                "sha256:39b03045c71f761aee96a12ebfbc2f4be89e724ff6f5e31c2574c1a0e2add8bd",
                "sha256:3b93043b14ba7eb08c57afca19751658ece1cfa2f0b7b1fb5c7a41452fbb8482",
                "sha256:47f7aa217b25833cd6f0e72b0d224be55393c2692b4f5e0561cb3beeb10296e9",
                "sha256:49210feb0be8051a64d71691f0acbfbedc33e149f0a5d6e271fddf6a12493fed",
                "sha256:4d00b91c77ceb064c9b0459f0d6ea5bfdbc53ea9e17cf75731e151ef25a830c7",
                "sha256:4ed00f96e147f40b565fe7530d1da0b0f3ab803d5dd5b683834500fa5d195ec4",
                "sha256:5134d33286c045393c7beb51be29754647cec5ebc051cf82799c5ce9820a2ca2",
                "sha256:524d78673518dcd352a91541ecd2839c65af92dc883321c2109ef6e5cd22ef23",
                "sha256:52896e22115c97f1c829db32aa2760b0d61839cfe08b168c2b1d82f31dbc5f55",
                "sha256:54c377893f2cbbffe39abcff5ff2e917b082c364521fa079305f6f064e1a24a9",
                "sha256:55b6163dac53ef1e5d834297810c178050bd0548a4136cd4e0f56402185916ca",
                "sha256:599d3f6fbef31933b96e2d906b0f169b3371ff79ea6aaf6ecd76c947a3508a3d",
                "sha256:5effd87c7d363890259eac16c56a4e8da307286012c076223997f8cc4a8c435b",
                "sha256:66413c50d510e5bcb0afc79880d1693a2185bcea003600ed898ada31338c004e",
                "sha256:695939036a320f4329ccf1627edefbbb67cc7892b8222d297b0dd2313742bfee",
                "sha256:6c2216d8b6a6d019c6f4b1ad55f890e5e77eb089309ffc05b6911c09349e7474",
                "sha256:6dd1cf2995fdbd64fc0802313e8323f5fa18994d51af059b5b8862b73b5e53f0",
                "sha256:6fcfbf435eebf8a1765c6d1f46821740ebe9f54f815a05c8fc30d789ef43cb12",
                "sha256:704d939656e21b073bfcddd7228b29e0e8a93dd27b54240eaafc0b9a631629a6",
                "sha256:711bc52cb98e7892c03e9b669bebd89c0a890a90dbc6d5bb2c47f30239bac6e9",
                "sha256:74731c9e423c93cbe791f60c27030b6af6a948cef67deca079da6cd1bb583a8e",
                "sha256:7761cacb8745093062695b11574effea69db636c2fd0a9269a1f0183712927b4",
                "sha256:7b16250238de8dafca225647608dddc7bbb5dce3dd53b4d8e63c1cc287394c2f",
                "sha256:7c051fe37c96b9878f37fa58906cb53ecd13dcb7341d3a85f1e2e2f6b10782d9",
                "sha256:7d43ac9c7eeda5100fb0a7152fab7099c9cf9e5abd3bb36928eb98c7d7a339c6",
                "sha256:81d1a7303bd02ca1c5be4aacd4db73593f573ba8e0c543c04c6da6275fd7a47e",
                "sha256:8a06a0c02f5606330e8f2e2f3b7949877ca7e4024fa2bff5a4506bec66c49ec7",
                "sha256:8fd6e191b92a10310f5a6cfe10d6f839d79d192fb02480bda325286bd1c7b385",
                "sha256:943f208840777f34312c103a2d1caab02d780c4e9be26b3714acf6c4715ba7e1",
                "sha256:9b87b23570565a6ddaa9244d87811c2ee9cffb02a753c8a2da9c077283d85845",
                "sha256:a6cd6f1db75eb07332bd3710f58f5fce4967eadbf751bad653842750a61bda62",
                "sha256:a966d5304b7d90c45c404914e06bbf02c5bf7e99685c6c12f0047ef2aa837142",
                "sha256:a9c2885b4a8e6e39db5662d8b02ca6dcec796a45e48c2de12552841f061692ba",
                "sha256:b0cfe925610f2fd59555bb7fc37bd739e4b197d33f2a8b2fae7b9c0c6640318c",
                "sha256:b38a96b3eed8edc515b38257f03216f382c4389d022a8834667e2bc63c0c0c31",
                "sha256:b8a03af1ce79b902a43f5f694c4ca8d92c2a4195db0966f08f266549e2fc49bc",
                "sha256:bb869707d8e30645ed6766e44098600ca6cdf7989c22a3ea2b7966bb1d98d4b2",
                "sha256:be1d2ce7e269215c3ee9a215e296b7a744aff4f39233486d2c4d77f5f0c561a6",
                "sha256:c0640b4e9d008e13956b004d1971a23377b3d45491f87082161c92efb1e6c0d6",
                "sha256:c09956606c08c4a7c6178a04ba2dd9388fcc5db32002ade9c9bc865ab156ab6d",
                "sha256:c184ec5be465c0319440734491e1aa4709b5f3ba75fdfc9dbbc2ae715a7f6829",
                "sha256:c1a70c51da9fa95bd75c167edb2eb3f3c4d27bc4ddd29e588f21649d014ec0b7",
                "sha256:c29e758f0e734e1e90357ae01ec9c6daf19ff60a051192fe110d8fb25c62600e",
                "sha256:c6258a3663780ae47ba73d43eb63c79c40ffddfb764e09b56df33be2f9479837",
                "sha256:cafa52873ae12baa512a8721afc20de67a36886baae6a5f394ddef0ce9391f91",
                "sha256:cd6a4afb20fb3c26a7bfd4611a0bbb24d93cbd746f5eb881f114b5e38fd55501",
                "sha256:cdb87309de97c63cb9a69132e1cb16be470e58cffdfbad68fdd1dc292b22a840",
                "sha256:d07d06dba5b5f7d80f9cc45501456e440f759fe79f9895922ed486237ac378a8",
                "sha256:d3a51901066696c4af38c6c63a1f0aeffd5e282367ff475de8c191ec9609b56d",
                "sha256:d5571b6978750601f783cea07fb6b666837010ca57e5cefa389c1d456f6222e2",
                "sha256:d86c35d94b5499689354ccbc48438a79f449481ee6300f3e905748edceed78e7",
                "sha256:dc0cff74cd36d7e1edba91baa09622c35a8a57025f2f2b7a41e3f83b1db73186",
                "sha256:dc24d245026a72d9b4953729d31813edd4bd4e5c13622d96e27c284942d33f24",
                "sha256:dca34367a4e77fcab0693e603a959878eaf2351585e7d752cac544bc6b2dee46",
                "sha256:e2961b05f9c04a53da8bfc72f1910b6aec7205fcf3ac9c036d24619979bbee4b",
                "sha256:e7fac06a539daef4fcf5d8288d0d21b412f9b750454cd5a3cf90484665db442a",
                "sha256:eac0a143ef4f28f49670bf89cb15847eb80b375d55eba401ca2f777cd425f338",
                "sha256:ef888f48eb9203ee1e04b9fb27429017b290fb916f1e7826c2f7808c88798394",
                "sha256:f3055510fdfdb1775bc8baa359783022f70bb553f2d46e153c094dfcb08578ff",
                "sha256:fa7e202feb683dad74f00dea066690448d0cfa310f8a277db06ec8eb466601b5",
                "sha256:fc28e8d85d392a06434e9a934908d97e2cf453d69488d2bcd0bfb881497fd975",
                "sha256:fd7bb378d82b88387dc10227cfd964f6273eb083e05299e9b97cbe075da12d11",
                "sha256:ffcc8394123ea8d43fff8e5d000095fe7741ce3f8988366c5c919c4f5eb179d3"
            ],
            "index": "pypi",
            "version": "==4.3.3"
        },
        "pyserial": {
            "hashes": [
                "sha256:3c77e014170dfffbd816e6ffc205e9842efb10be9f58ec16d3e8675b4925cddb",
                "sha256:c4451db6ba391ca6ca299fb3ec7bae67a5c55dde170964c7a14ceefec02f2cf0"
            ],
            "index": "pypi",
            "version": "==3.5"
        },
        "scipy": {
            "hashes": [
                "sha256:06d2e1b4c491dc7d8eacea139a1b0b295f74e1a1a0f704c375028f8320d16e31",
                "sha256:0d54222d7a3ba6022fdf5773931b5d7c56efe41ede7f7128c7b1637700409108",
                "sha256:1884b66a54887e21addf9c16fb588720a8309a57b2e258ae1c7986d4444d3bc0",
                "sha256:1a72d885fa44247f92743fc20732ae55564ff2a519e8302fb7e18717c5355a8b",
                "sha256:2318bef588acc7a574f5bfdff9c172d0b1bf2c8143d9582e05f878e580a3781e",
                "sha256:4db5b30849606a95dcf519763dd3ab6fe9bd91df49eba517359e450a7d80ce2e",
                "sha256:545c83ffb518094d8c9d83cce216c0c32f8c04aaf28b92cc8283eda0685162d5",
                "sha256:5a04cd7d0d3eff6ea4719371cbc44df31411862b9646db617c99718ff68d4840",
                "sha256:5b88e6d91ad9d59478fafe92a7c757d00c59e3bdc3331be8ada76a4f8d683f58",
                "sha256:68239b6aa6f9c593da8be1509a05cb7f9efe98b80f43a5861cd24c7557e98523",
                "sha256:83b89e9586c62e787f5012e8475fbb12185bafb996a03257e9675cd73d3736dd",
                "sha256:83c06e62a390a9167da60bedd4575a14c1f58ca9dfde59830fc42e5197283dab",
                "sha256:90453d2b93ea82a9f434e4e1cba043e779ff67b92f7a0e85d05d286a3625df3c",
                "sha256:abaf921531b5aeaafced90157db505e10345e45038c39e5d9b6c7922d68085cb",
                "sha256:b41bc822679ad1c9a5f023bc93f6d0543129ca0f37c1ce294dd9d386f0a21096",
                "sha256:c68db6b290cbd4049012990d7fe71a2abd9ffbe82c0056ebe0f01df8be5436b0",
                "sha256:cff3a5295234037e39500d35316a4c5794739433528310e117b8a9a0c76d20fc",
                "sha256:d01e1dd7b15bd2449c8bfc6b7cc67d630700ed655654f0dfcf121600bad205c9",
                "sha256:d644a64e174c16cb4b2e41dfea6af722053e83d066da7343f333a54dae9bc31c",
                "sha256:da8245491d73ed0a994ed9c2e380fd058ce2fa8a18da204681f2fe1f57f98f95",
                "sha256:fbc5c05c85c1a02be77b1ff591087c83bc44579c6d2bd9fb798bb64ea5e1a027"
            ],
            "index": "pypi",
            "version": "==1.9.3"
        },
        "ujson": {
            "hashes": [
                "sha256:0f0f21157d1a84ad5fb54388f31767cde9c1a48fb29de7ef91d8887fdc2ca92b",
                "sha256:1217326ba80eab1ff3f644f9eee065bd4fcc4e0c068a2f86f851cafd05737169",
                "sha256:169b3fbd1188647c6ce00cb690915526aff86997c89a94c1b50432010ad7ae0f",
                "sha256:1a7e4023c79d9a053c0c6b7c6ec50ea0af78381539ab27412e6af8d9410ae555",
                "sha256:20d929a27822cb79e034cc5e0bb62daa0257ab197247cb6f35d5149f2f438983",
                "sha256:213e41dc501b4a6d029873039da3e45ba7766b9f9eba97ecc4287c371f5403cc",
                "sha256:23051f062bb257a87f3e55ea5a055ea98d56f08185fd415b34313268fa4d814e",
                "sha256:24d40e01accbf4f0ba5181c4db1bac83749fdc1a5413466da582529f2a096085",
                "sha256:2a24b9a96364f943a4754fa00b47855d0a01b84ac4b8b11ebf058c8fb68c1f77",
                "sha256:2cb7a4bd91de97b4c8e57fb5289d1e5f3f019723b59d01d79e2df83783dce5a6",
                "sha256:31288f85db6295ec63e128daff7285bb0bc220935e1b5107bd2d67e2dc687b7e",
                "sha256:35423460954d0c61602da734697724e8dd5326a8aa7900123e584b935116203e",
                "sha256:355ef5311854936b9edc7f1ce638f8257cb45fb6b9873f6b2d16a715eafc9570",
                "sha256:3a68a204386648ec92ae9b526c1ffca528f38221eca70f98b4709390c3204275",
                "sha256:3ad74eb53ee07e76c82f9ef8e7256c33873b81bd1f97a274fdb65ed87c2801f6",
                "sha256:3b49a1014d396b962cb1d6c5f867f88b2c9aa9224c3860ee6ff63b2837a2965b",
                "sha256:3f00dff3bf26bbb96791ceaf51ca95a3f34e2a21985748da855a650c38633b99",
                "sha256:3f8b9e8c0420ce3dcc193ab6dd5628840ba79ad1b76e1816ac7ca6752c6bf035",
                "sha256:52f536712d16a1f4e0f9d084982c28e11b7e70c397a1059069e4d28d53b3f522",
                "sha256:551408a5c4306839b4a4f91503c96069204dbef2c7ed91a9dab08874ac1ed679",
                "sha256:57904e5b49ffe93189349229dcd83f73862ef9bb8517e8f1e62d0ff73f313847",
                "sha256:5e5715b0e2767b1987ceed0066980fc0a53421dd2f197b4f88460d474d6aef4c",
                "sha256:61fdf24f7bddc402ce06b25e4bed7bf5ee4f03e23028a0a09116835c21d54888",
                "sha256:6d0a60c5f065737a81249c819475d001a86da9a41900d888287e34619c9b4851",
                "sha256:6ea9024749a41864bffb12da15aace4a3193c03ea97e77b069557aefa342811f",
                "sha256:7174e81c137d480abe2f8036e9fb69157e509f2db0bfdee4488eb61dc3f0ff6b",
                "sha256:72fa6e850831280a46704032721c75155fd41b839ddadabb6068ab218c56a37a",
                "sha256:74671d1bde8c03daeb92abdbd972960978347b1a1d432c4c1b3c9284ce4094cf",
                "sha256:798116b88158f13ed687417526100ef353ba4692e0aef8afbc622bd4bf7e9057",
                "sha256:7a66c5a75b46545361271b4cf55560d9ad8bad794dd054a14b3fbb031407948e",
                "sha256:7bde16cb18b95a8f68cc48715e4652b394b4fee68cb3f9fee0fd7d26b29a53b6",
                "sha256:82bf24ea72a73c7d77402a7adc954931243e7ec4241d5738ae74894b53944458",
                "sha256:87578ccfc35461c77e73660fb7d89bc577732f671364f442bda9e2c58b571765",
                "sha256:91000612a2c30f50c6a009e6459a677e5c1972e51b59ecefd6063543dc47a4e9",
                "sha256:9cf04fcc958bb52a6b6c301b780cb9afab3ec68713b17ca5aa423e1f99c2c1cf",
                "sha256:9f4efcac06f45183b6ed8e2321554739a964a02d8aa3089ec343253d86bf2804",
                "sha256:a51cbe614acb5ea8e2006e4fd80b4e8ea7c51ae51e42c75290012f4925a9d6ab",
                "sha256:a8795de7ceadf84bcef88f947f91900d647eda234a2c6cc89912c25048cc0490",
                "sha256:ae723b8308ac17a591bb8be9478b58c2c26fada23fd2211fc323796801ad7ff5",
                "sha256:aff708a1b9e2d4979f74375ade0bff978be72c8bd90422a756d24d8a46d78059",
                "sha256:b2aece7a92dffc9c78787f5f36e47e24b95495812270c27abc2fa430435a931d",
                "sha256:b4420bfff18ca6aa39cfb22fe35d8aba3811fa1190c4f4e1ad816b0aad72f7e3",
                "sha256:b64d2ac99503a9a5846157631addacc9f74e23f64d5a886fe910e9662660fa10",
                "sha256:b72d4d948749e9c6afcd3d7af9ecc780fccde84e26d275c97273dd83c68a488b",
                "sha256:b74396a655ac8a5299dcb765b4a17ba706e45c0df95818bcc6c13c4645a1c38e",
                "sha256:b9e9d26600020cf635a4e58763959f5a59f8c70f75d72ebf26ceae94c2efac74",
                "sha256:bca074d08f0677f05df8170b25ce6e61db3bcdfda78062444972fa6508dc825f",
                "sha256:bca3c06c3f10ce03fa80b1301dce53765815c2578a24bd141ce4e5769bb7b709",
                "sha256:bfb1fdf61763fafc0f8a20becf9cc4287c14fc41c0e14111d28c0d0dfda9ba56",
                "sha256:c169e12642f0edf1dde607fb264721b88787b55a6da5fb3824302a9cac6f9405",
                "sha256:c4277f6b1d24be30b7f87ec5346a87693cbc1e55bbc5877f573381b2250c4dd6",
                "sha256:ceee5aef3e234c7e998fdb52e5236c41e50cdedc116360f7f1874a04829f6490",
                "sha256:d1b5e233e42f53bbbc6961caeb492986e9f3aeacd30be811467583203873bad2",
                "sha256:d6f4be832d97836d62ac0c148026ec021f9f36481f38e455b51538fcd949ed2a",
                "sha256:dd5ccc036b0f4721b98e1c03ccc604e7f3e1db53866ccc92b2add40ace1782f7",
                "sha256:dde59d2f06297fc4e70b2bae6e4a6b3ce89ca89697ab2c41e641abae3be96b0c",
                "sha256:e4be7d865cb5161824e12db71cee83290ab72b3523566371a30d6ba1bd63402a",
                "sha256:e97af10b6f13a498de197fb852e9242064217c25dfca79ebe7ad0cf2b0dd0cb7",
                "sha256:f2d70b7f0b485f85141bbc518d0581ae96b912d9f8b070eaf68a9beef8eb1e60",
                "sha256:f3e651f04b7510fae7d4706a4600cd43457f015df08702ece82a71339fc15c3d",
                "sha256:f63535d51e039a984b2fb67ff87057ffe4216d4757c3cedf2fc846af88253cb7",
                "sha256:f881e2d8a022e9285aa2eab6ba8674358dbcb2b57fa68618d88d62937ac3ff04",
                "sha256:fadebaddd3eb71a5c986f0bdc7bb28b072bfc585c141eef37474fc66d1830b0a",
                "sha256:fb1632b27e12c0b0df62f924c362206daf246a42c0080e959dd465810dc3482e",
                "sha256:fecf83b2ef3cbce4f5cc573df6f6ded565e5e27c1af84038bae5ade306686d82"
            ],
            "index": "pypi",
            "version": "==5.6.0"
        }
    },
    "develop": {}
}
